// !$*UTF8*$!
{
	archiveVersion = 1;
	classes = {
	};
	objectVersion = 56;
	objects = {

/* Begin PBXBuildFile section */
		36CC96A12C18D4D000FC9048 /* AppDelegate.swift in Sources */ = {isa = PBXBuildFile; fileRef = 36CC96A02C18D4D000FC9048 /* AppDelegate.swift */; };
		36CC96A32C18D4D000FC9048 /* SceneDelegate.swift in Sources */ = {isa = PBXBuildFile; fileRef = 36CC96A22C18D4D000FC9048 /* SceneDelegate.swift */; };
		36CC96A52C18D4D000FC9048 /* ViewController.swift in Sources */ = {isa = PBXBuildFile; fileRef = 36CC96A42C18D4D000FC9048 /* ViewController.swift */; };
		36CC96A82C18D4D000FC9048 /* Base in Resources */ = {isa = PBXBuildFile; fileRef = 36CC96A72C18D4D000FC9048 /* Base */; };
		36CC96AB2C18D4D000FC9048 /* Ddanzi_iOS.xcdatamodeld in Sources */ = {isa = PBXBuildFile; fileRef = 36CC96A92C18D4D000FC9048 /* Ddanzi_iOS.xcdatamodeld */; };
		36CC96AD2C18D4D100FC9048 /* Assets.xcassets in Resources */ = {isa = PBXBuildFile; fileRef = 36CC96AC2C18D4D100FC9048 /* Assets.xcassets */; };
		36CC96B02C18D4D100FC9048 /* Base in Resources */ = {isa = PBXBuildFile; fileRef = 36CC96AF2C18D4D100FC9048 /* Base */; };
		36CC96BB2C18D4D100FC9048 /* Ddanzi_iOSTests.swift in Sources */ = {isa = PBXBuildFile; fileRef = 36CC96BA2C18D4D100FC9048 /* Ddanzi_iOSTests.swift */; };
		36CC96C52C18D4D100FC9048 /* Ddanzi_iOSUITests.swift in Sources */ = {isa = PBXBuildFile; fileRef = 36CC96C42C18D4D100FC9048 /* Ddanzi_iOSUITests.swift */; };
		36CC96C72C18D4D100FC9048 /* Ddanzi_iOSUITestsLaunchTests.swift in Sources */ = {isa = PBXBuildFile; fileRef = 36CC96C62C18D4D100FC9048 /* Ddanzi_iOSUITestsLaunchTests.swift */; };
/* End PBXBuildFile section */

/* Begin PBXContainerItemProxy section */
		36CC96B72C18D4D100FC9048 /* PBXContainerItemProxy */ = {
			isa = PBXContainerItemProxy;
			containerPortal = 36CC96952C18D4D000FC9048 /* Project object */;
			proxyType = 1;
			remoteGlobalIDString = 36CC969C2C18D4D000FC9048;
			remoteInfo = "Ddanzi-iOS";
		};
		36CC96C12C18D4D100FC9048 /* PBXContainerItemProxy */ = {
			isa = PBXContainerItemProxy;
			containerPortal = 36CC96952C18D4D000FC9048 /* Project object */;
			proxyType = 1;
			remoteGlobalIDString = 36CC969C2C18D4D000FC9048;
			remoteInfo = "Ddanzi-iOS";
		};
/* End PBXContainerItemProxy section */

/* Begin PBXFileReference section */
		36CC969D2C18D4D000FC9048 /* Ddanzi-iOS.app */ = {isa = PBXFileReference; explicitFileType = wrapper.application; includeInIndex = 0; path = "Ddanzi-iOS.app"; sourceTree = BUILT_PRODUCTS_DIR; };
		36CC96A02C18D4D000FC9048 /* AppDelegate.swift */ = {isa = PBXFileReference; lastKnownFileType = sourcecode.swift; path = AppDelegate.swift; sourceTree = "<group>"; };
		36CC96A22C18D4D000FC9048 /* SceneDelegate.swift */ = {isa = PBXFileReference; lastKnownFileType = sourcecode.swift; path = SceneDelegate.swift; sourceTree = "<group>"; };
		36CC96A42C18D4D000FC9048 /* ViewController.swift */ = {isa = PBXFileReference; lastKnownFileType = sourcecode.swift; path = ViewController.swift; sourceTree = "<group>"; };
		36CC96A72C18D4D000FC9048 /* Base */ = {isa = PBXFileReference; lastKnownFileType = file.storyboard; name = Base; path = Base.lproj/Main.storyboard; sourceTree = "<group>"; };
		36CC96AA2C18D4D000FC9048 /* Ddanzi_iOS.xcdatamodel */ = {isa = PBXFileReference; lastKnownFileType = wrapper.xcdatamodel; path = Ddanzi_iOS.xcdatamodel; sourceTree = "<group>"; };
		36CC96AC2C18D4D100FC9048 /* Assets.xcassets */ = {isa = PBXFileReference; lastKnownFileType = folder.assetcatalog; path = Assets.xcassets; sourceTree = "<group>"; };
		36CC96AF2C18D4D100FC9048 /* Base */ = {isa = PBXFileReference; lastKnownFileType = file.storyboard; name = Base; path = Base.lproj/LaunchScreen.storyboard; sourceTree = "<group>"; };
		36CC96B12C18D4D100FC9048 /* Info.plist */ = {isa = PBXFileReference; lastKnownFileType = text.plist.xml; path = Info.plist; sourceTree = "<group>"; };
		36CC96B62C18D4D100FC9048 /* Ddanzi-iOSTests.xctest */ = {isa = PBXFileReference; explicitFileType = wrapper.cfbundle; includeInIndex = 0; path = "Ddanzi-iOSTests.xctest"; sourceTree = BUILT_PRODUCTS_DIR; };
		36CC96BA2C18D4D100FC9048 /* Ddanzi_iOSTests.swift */ = {isa = PBXFileReference; lastKnownFileType = sourcecode.swift; path = Ddanzi_iOSTests.swift; sourceTree = "<group>"; };
		36CC96C02C18D4D100FC9048 /* Ddanzi-iOSUITests.xctest */ = {isa = PBXFileReference; explicitFileType = wrapper.cfbundle; includeInIndex = 0; path = "Ddanzi-iOSUITests.xctest"; sourceTree = BUILT_PRODUCTS_DIR; };
		36CC96C42C18D4D100FC9048 /* Ddanzi_iOSUITests.swift */ = {isa = PBXFileReference; lastKnownFileType = sourcecode.swift; path = Ddanzi_iOSUITests.swift; sourceTree = "<group>"; };
		36CC96C62C18D4D100FC9048 /* Ddanzi_iOSUITestsLaunchTests.swift */ = {isa = PBXFileReference; lastKnownFileType = sourcecode.swift; path = Ddanzi_iOSUITestsLaunchTests.swift; sourceTree = "<group>"; };
/* End PBXFileReference section */

/* Begin PBXFrameworksBuildPhase section */
		36CC969A2C18D4D000FC9048 /* Frameworks */ = {
			isa = PBXFrameworksBuildPhase;
			buildActionMask = 2147483647;
			files = (
			);
			runOnlyForDeploymentPostprocessing = 0;
		};
		36CC96B32C18D4D100FC9048 /* Frameworks */ = {
			isa = PBXFrameworksBuildPhase;
			buildActionMask = 2147483647;
			files = (
			);
			runOnlyForDeploymentPostprocessing = 0;
		};
		36CC96BD2C18D4D100FC9048 /* Frameworks */ = {
			isa = PBXFrameworksBuildPhase;
			buildActionMask = 2147483647;
			files = (
			);
			runOnlyForDeploymentPostprocessing = 0;
		};
/* End PBXFrameworksBuildPhase section */

/* Begin PBXGroup section */
		36CC96942C18D4D000FC9048 = {
			isa = PBXGroup;
			children = (
				36CC969F2C18D4D000FC9048 /* Ddanzi-iOS */,
				36CC96B92C18D4D100FC9048 /* Ddanzi-iOSTests */,
				36CC96C32C18D4D100FC9048 /* Ddanzi-iOSUITests */,
				36CC969E2C18D4D000FC9048 /* Products */,
			);
			sourceTree = "<group>";
		};
		36CC969E2C18D4D000FC9048 /* Products */ = {
			isa = PBXGroup;
			children = (
				36CC969D2C18D4D000FC9048 /* Ddanzi-iOS.app */,
				36CC96B62C18D4D100FC9048 /* Ddanzi-iOSTests.xctest */,
				36CC96C02C18D4D100FC9048 /* Ddanzi-iOSUITests.xctest */,
			);
			name = Products;
			sourceTree = "<group>";
		};
		36CC969F2C18D4D000FC9048 /* Ddanzi-iOS */ = {
			isa = PBXGroup;
			children = (
				36CC96A02C18D4D000FC9048 /* AppDelegate.swift */,
				36CC96A22C18D4D000FC9048 /* SceneDelegate.swift */,
				36CC96A42C18D4D000FC9048 /* ViewController.swift */,
				36CC96A62C18D4D000FC9048 /* Main.storyboard */,
				36CC96AC2C18D4D100FC9048 /* Assets.xcassets */,
				36CC96AE2C18D4D100FC9048 /* LaunchScreen.storyboard */,
				36CC96B12C18D4D100FC9048 /* Info.plist */,
				36CC96A92C18D4D000FC9048 /* Ddanzi_iOS.xcdatamodeld */,
			);
			path = "Ddanzi-iOS";
			sourceTree = "<group>";
		};
		36CC96B92C18D4D100FC9048 /* Ddanzi-iOSTests */ = {
			isa = PBXGroup;
			children = (
				36CC96BA2C18D4D100FC9048 /* Ddanzi_iOSTests.swift */,
			);
			path = "Ddanzi-iOSTests";
			sourceTree = "<group>";
		};
		36CC96C32C18D4D100FC9048 /* Ddanzi-iOSUITests */ = {
			isa = PBXGroup;
			children = (
				36CC96C42C18D4D100FC9048 /* Ddanzi_iOSUITests.swift */,
				36CC96C62C18D4D100FC9048 /* Ddanzi_iOSUITestsLaunchTests.swift */,
			);
			path = "Ddanzi-iOSUITests";
			sourceTree = "<group>";
		};
/* End PBXGroup section */

/* Begin PBXNativeTarget section */
		36CC969C2C18D4D000FC9048 /* Ddanzi-iOS */ = {
			isa = PBXNativeTarget;
			buildConfigurationList = 36CC96CA2C18D4D100FC9048 /* Build configuration list for PBXNativeTarget "Ddanzi-iOS" */;
			buildPhases = (
				36CC96992C18D4D000FC9048 /* Sources */,
				36CC969A2C18D4D000FC9048 /* Frameworks */,
				36CC969B2C18D4D000FC9048 /* Resources */,
			);
			buildRules = (
			);
			dependencies = (
			);
			name = "Ddanzi-iOS";
			productName = "Ddanzi-iOS";
			productReference = 36CC969D2C18D4D000FC9048 /* Ddanzi-iOS.app */;
			productType = "com.apple.product-type.application";
		};
		36CC96B52C18D4D100FC9048 /* Ddanzi-iOSTests */ = {
			isa = PBXNativeTarget;
			buildConfigurationList = 36CC96CD2C18D4D100FC9048 /* Build configuration list for PBXNativeTarget "Ddanzi-iOSTests" */;
			buildPhases = (
				36CC96B22C18D4D100FC9048 /* Sources */,
				36CC96B32C18D4D100FC9048 /* Frameworks */,
				36CC96B42C18D4D100FC9048 /* Resources */,
			);
			buildRules = (
			);
			dependencies = (
				36CC96B82C18D4D100FC9048 /* PBXTargetDependency */,
			);
			name = "Ddanzi-iOSTests";
			productName = "Ddanzi-iOSTests";
			productReference = 36CC96B62C18D4D100FC9048 /* Ddanzi-iOSTests.xctest */;
			productType = "com.apple.product-type.bundle.unit-test";
		};
		36CC96BF2C18D4D100FC9048 /* Ddanzi-iOSUITests */ = {
			isa = PBXNativeTarget;
			buildConfigurationList = 36CC96D02C18D4D100FC9048 /* Build configuration list for PBXNativeTarget "Ddanzi-iOSUITests" */;
			buildPhases = (
				36CC96BC2C18D4D100FC9048 /* Sources */,
				36CC96BD2C18D4D100FC9048 /* Frameworks */,
				36CC96BE2C18D4D100FC9048 /* Resources */,
			);
			buildRules = (
			);
			dependencies = (
				36CC96C22C18D4D100FC9048 /* PBXTargetDependency */,
			);
			name = "Ddanzi-iOSUITests";
			productName = "Ddanzi-iOSUITests";
			productReference = 36CC96C02C18D4D100FC9048 /* Ddanzi-iOSUITests.xctest */;
			productType = "com.apple.product-type.bundle.ui-testing";
		};
/* End PBXNativeTarget section */

/* Begin PBXProject section */
		36CC96952C18D4D000FC9048 /* Project object */ = {
			isa = PBXProject;
			attributes = {
				BuildIndependentTargetsInParallel = 1;
				LastSwiftUpdateCheck = 1530;
				LastUpgradeCheck = 1530;
				TargetAttributes = {
					36CC969C2C18D4D000FC9048 = {
						CreatedOnToolsVersion = 15.3;
					};
					36CC96B52C18D4D100FC9048 = {
						CreatedOnToolsVersion = 15.3;
						TestTargetID = 36CC969C2C18D4D000FC9048;
					};
					36CC96BF2C18D4D100FC9048 = {
						CreatedOnToolsVersion = 15.3;
						TestTargetID = 36CC969C2C18D4D000FC9048;
					};
				};
			};
			buildConfigurationList = 36CC96982C18D4D000FC9048 /* Build configuration list for PBXProject "Ddanzi-iOS" */;
			compatibilityVersion = "Xcode 14.0";
			developmentRegion = en;
			hasScannedForEncodings = 0;
			knownRegions = (
				en,
				Base,
			);
			mainGroup = 36CC96942C18D4D000FC9048;
			productRefGroup = 36CC969E2C18D4D000FC9048 /* Products */;
			projectDirPath = "";
			projectRoot = "";
			targets = (
				36CC969C2C18D4D000FC9048 /* Ddanzi-iOS */,
				36CC96B52C18D4D100FC9048 /* Ddanzi-iOSTests */,
				36CC96BF2C18D4D100FC9048 /* Ddanzi-iOSUITests */,
			);
		};
/* End PBXProject section */

/* Begin PBXResourcesBuildPhase section */
		36CC969B2C18D4D000FC9048 /* Resources */ = {
			isa = PBXResourcesBuildPhase;
			buildActionMask = 2147483647;
			files = (
				36CC96AD2C18D4D100FC9048 /* Assets.xcassets in Resources */,
				36CC96B02C18D4D100FC9048 /* Base in Resources */,
				36CC96A82C18D4D000FC9048 /* Base in Resources */,
			);
			runOnlyForDeploymentPostprocessing = 0;
		};
		36CC96B42C18D4D100FC9048 /* Resources */ = {
			isa = PBXResourcesBuildPhase;
			buildActionMask = 2147483647;
			files = (
			);
			runOnlyForDeploymentPostprocessing = 0;
		};
		36CC96BE2C18D4D100FC9048 /* Resources */ = {
			isa = PBXResourcesBuildPhase;
			buildActionMask = 2147483647;
			files = (
			);
			runOnlyForDeploymentPostprocessing = 0;
		};
/* End PBXResourcesBuildPhase section */

/* Begin PBXSourcesBuildPhase section */
		36CC96992C18D4D000FC9048 /* Sources */ = {
			isa = PBXSourcesBuildPhase;
			buildActionMask = 2147483647;
			files = (
				36CC96A52C18D4D000FC9048 /* ViewController.swift in Sources */,
				36CC96A12C18D4D000FC9048 /* AppDelegate.swift in Sources */,
				36CC96A32C18D4D000FC9048 /* SceneDelegate.swift in Sources */,
				36CC96AB2C18D4D000FC9048 /* Ddanzi_iOS.xcdatamodeld in Sources */,
			);
			runOnlyForDeploymentPostprocessing = 0;
		};
		36CC96B22C18D4D100FC9048 /* Sources */ = {
			isa = PBXSourcesBuildPhase;
			buildActionMask = 2147483647;
			files = (
				36CC96BB2C18D4D100FC9048 /* Ddanzi_iOSTests.swift in Sources */,
			);
			runOnlyForDeploymentPostprocessing = 0;
		};
		36CC96BC2C18D4D100FC9048 /* Sources */ = {
			isa = PBXSourcesBuildPhase;
			buildActionMask = 2147483647;
			files = (
				36CC96C72C18D4D100FC9048 /* Ddanzi_iOSUITestsLaunchTests.swift in Sources */,
				36CC96C52C18D4D100FC9048 /* Ddanzi_iOSUITests.swift in Sources */,
			);
			runOnlyForDeploymentPostprocessing = 0;
		};
/* End PBXSourcesBuildPhase section */

/* Begin PBXTargetDependency section */
		36CC96B82C18D4D100FC9048 /* PBXTargetDependency */ = {
			isa = PBXTargetDependency;
			target = 36CC969C2C18D4D000FC9048 /* Ddanzi-iOS */;
			targetProxy = 36CC96B72C18D4D100FC9048 /* PBXContainerItemProxy */;
		};
		36CC96C22C18D4D100FC9048 /* PBXTargetDependency */ = {
			isa = PBXTargetDependency;
			target = 36CC969C2C18D4D000FC9048 /* Ddanzi-iOS */;
			targetProxy = 36CC96C12C18D4D100FC9048 /* PBXContainerItemProxy */;
		};
/* End PBXTargetDependency section */

/* Begin PBXVariantGroup section */
		36CC96A62C18D4D000FC9048 /* Main.storyboard */ = {
			isa = PBXVariantGroup;
			children = (
				36CC96A72C18D4D000FC9048 /* Base */,
			);
			name = Main.storyboard;
			sourceTree = "<group>";
		};
		36CC96AE2C18D4D100FC9048 /* LaunchScreen.storyboard */ = {
			isa = PBXVariantGroup;
			children = (
				36CC96AF2C18D4D100FC9048 /* Base */,
			);
			name = LaunchScreen.storyboard;
			sourceTree = "<group>";
		};
/* End PBXVariantGroup section */

/* Begin XCBuildConfiguration section */
		36CC96C82C18D4D100FC9048 /* Debug */ = {
			isa = XCBuildConfiguration;
			buildSettings = {
				ALWAYS_SEARCH_USER_PATHS = NO;
				ASSETCATALOG_COMPILER_GENERATE_SWIFT_ASSET_SYMBOL_EXTENSIONS = YES;
				CLANG_ANALYZER_NONNULL = YES;
				CLANG_ANALYZER_NUMBER_OBJECT_CONVERSION = YES_AGGRESSIVE;
				CLANG_CXX_LANGUAGE_STANDARD = "gnu++20";
				CLANG_ENABLE_MODULES = YES;
				CLANG_ENABLE_OBJC_ARC = YES;
				CLANG_ENABLE_OBJC_WEAK = YES;
				CLANG_WARN_BLOCK_CAPTURE_AUTORELEASING = YES;
				CLANG_WARN_BOOL_CONVERSION = YES;
				CLANG_WARN_COMMA = YES;
				CLANG_WARN_CONSTANT_CONVERSION = YES;
				CLANG_WARN_DEPRECATED_OBJC_IMPLEMENTATIONS = YES;
				CLANG_WARN_DIRECT_OBJC_ISA_USAGE = YES_ERROR;
				CLANG_WARN_DOCUMENTATION_COMMENTS = YES;
				CLANG_WARN_EMPTY_BODY = YES;
				CLANG_WARN_ENUM_CONVERSION = YES;
				CLANG_WARN_INFINITE_RECURSION = YES;
				CLANG_WARN_INT_CONVERSION = YES;
				CLANG_WARN_NON_LITERAL_NULL_CONVERSION = YES;
				CLANG_WARN_OBJC_IMPLICIT_RETAIN_SELF = YES;
				CLANG_WARN_OBJC_LITERAL_CONVERSION = YES;
				CLANG_WARN_OBJC_ROOT_CLASS = YES_ERROR;
				CLANG_WARN_QUOTED_INCLUDE_IN_FRAMEWORK_HEADER = YES;
				CLANG_WARN_RANGE_LOOP_ANALYSIS = YES;
				CLANG_WARN_STRICT_PROTOTYPES = YES;
				CLANG_WARN_SUSPICIOUS_MOVE = YES;
				CLANG_WARN_UNGUARDED_AVAILABILITY = YES_AGGRESSIVE;
				CLANG_WARN_UNREACHABLE_CODE = YES;
				CLANG_WARN__DUPLICATE_METHOD_MATCH = YES;
				COPY_PHASE_STRIP = NO;
				DEBUG_INFORMATION_FORMAT = dwarf;
				ENABLE_STRICT_OBJC_MSGSEND = YES;
				ENABLE_TESTABILITY = YES;
				ENABLE_USER_SCRIPT_SANDBOXING = YES;
				GCC_C_LANGUAGE_STANDARD = gnu17;
				GCC_DYNAMIC_NO_PIC = NO;
				GCC_NO_COMMON_BLOCKS = YES;
				GCC_OPTIMIZATION_LEVEL = 0;
				GCC_PREPROCESSOR_DEFINITIONS = (
					"DEBUG=1",
					"$(inherited)",
				);
				GCC_WARN_64_TO_32_BIT_CONVERSION = YES;
				GCC_WARN_ABOUT_RETURN_TYPE = YES_ERROR;
				GCC_WARN_UNDECLARED_SELECTOR = YES;
				GCC_WARN_UNINITIALIZED_AUTOS = YES_AGGRESSIVE;
				GCC_WARN_UNUSED_FUNCTION = YES;
				GCC_WARN_UNUSED_VARIABLE = YES;
				IPHONEOS_DEPLOYMENT_TARGET = 17.4;
				LOCALIZATION_PREFERS_STRING_CATALOGS = YES;
				MTL_ENABLE_DEBUG_INFO = INCLUDE_SOURCE;
				MTL_FAST_MATH = YES;
				ONLY_ACTIVE_ARCH = YES;
				SDKROOT = iphoneos;
				SWIFT_ACTIVE_COMPILATION_CONDITIONS = "DEBUG $(inherited)";
				SWIFT_OPTIMIZATION_LEVEL = "-Onone";
			};
			name = Debug;
		};
		36CC96C92C18D4D100FC9048 /* Release */ = {
			isa = XCBuildConfiguration;
			buildSettings = {
				ALWAYS_SEARCH_USER_PATHS = NO;
				ASSETCATALOG_COMPILER_GENERATE_SWIFT_ASSET_SYMBOL_EXTENSIONS = YES;
				CLANG_ANALYZER_NONNULL = YES;
				CLANG_ANALYZER_NUMBER_OBJECT_CONVERSION = YES_AGGRESSIVE;
				CLANG_CXX_LANGUAGE_STANDARD = "gnu++20";
				CLANG_ENABLE_MODULES = YES;
				CLANG_ENABLE_OBJC_ARC = YES;
				CLANG_ENABLE_OBJC_WEAK = YES;
				CLANG_WARN_BLOCK_CAPTURE_AUTORELEASING = YES;
				CLANG_WARN_BOOL_CONVERSION = YES;
				CLANG_WARN_COMMA = YES;
				CLANG_WARN_CONSTANT_CONVERSION = YES;
				CLANG_WARN_DEPRECATED_OBJC_IMPLEMENTATIONS = YES;
				CLANG_WARN_DIRECT_OBJC_ISA_USAGE = YES_ERROR;
				CLANG_WARN_DOCUMENTATION_COMMENTS = YES;
				CLANG_WARN_EMPTY_BODY = YES;
				CLANG_WARN_ENUM_CONVERSION = YES;
				CLANG_WARN_INFINITE_RECURSION = YES;
				CLANG_WARN_INT_CONVERSION = YES;
				CLANG_WARN_NON_LITERAL_NULL_CONVERSION = YES;
				CLANG_WARN_OBJC_IMPLICIT_RETAIN_SELF = YES;
				CLANG_WARN_OBJC_LITERAL_CONVERSION = YES;
				CLANG_WARN_OBJC_ROOT_CLASS = YES_ERROR;
				CLANG_WARN_QUOTED_INCLUDE_IN_FRAMEWORK_HEADER = YES;
				CLANG_WARN_RANGE_LOOP_ANALYSIS = YES;
				CLANG_WARN_STRICT_PROTOTYPES = YES;
				CLANG_WARN_SUSPICIOUS_MOVE = YES;
				CLANG_WARN_UNGUARDED_AVAILABILITY = YES_AGGRESSIVE;
				CLANG_WARN_UNREACHABLE_CODE = YES;
				CLANG_WARN__DUPLICATE_METHOD_MATCH = YES;
				COPY_PHASE_STRIP = NO;
				DEBUG_INFORMATION_FORMAT = "dwarf-with-dsym";
				ENABLE_NS_ASSERTIONS = NO;
				ENABLE_STRICT_OBJC_MSGSEND = YES;
				ENABLE_USER_SCRIPT_SANDBOXING = YES;
				GCC_C_LANGUAGE_STANDARD = gnu17;
				GCC_NO_COMMON_BLOCKS = YES;
				GCC_WARN_64_TO_32_BIT_CONVERSION = YES;
				GCC_WARN_ABOUT_RETURN_TYPE = YES_ERROR;
				GCC_WARN_UNDECLARED_SELECTOR = YES;
				GCC_WARN_UNINITIALIZED_AUTOS = YES_AGGRESSIVE;
				GCC_WARN_UNUSED_FUNCTION = YES;
				GCC_WARN_UNUSED_VARIABLE = YES;
				IPHONEOS_DEPLOYMENT_TARGET = 17.4;
				LOCALIZATION_PREFERS_STRING_CATALOGS = YES;
				MTL_ENABLE_DEBUG_INFO = NO;
				MTL_FAST_MATH = YES;
				SDKROOT = iphoneos;
				SWIFT_COMPILATION_MODE = wholemodule;
				VALIDATE_PRODUCT = YES;
			};
			name = Release;
		};
		36CC96CB2C18D4D100FC9048 /* Debug */ = {
			isa = XCBuildConfiguration;
			buildSettings = {
				ASSETCATALOG_COMPILER_APPICON_NAME = AppIcon;
				ASSETCATALOG_COMPILER_GLOBAL_ACCENT_COLOR_NAME = AccentColor;
				CODE_SIGN_STYLE = Automatic;
				CURRENT_PROJECT_VERSION = 1;
				DEVELOPMENT_TEAM = 65NSM7Z327;
				GENERATE_INFOPLIST_FILE = YES;
				INFOPLIST_FILE = "Ddanzi-iOS/Info.plist";
				INFOPLIST_KEY_UIApplicationSupportsIndirectInputEvents = YES;
				INFOPLIST_KEY_UILaunchStoryboardName = LaunchScreen;
				INFOPLIST_KEY_UIMainStoryboardFile = Main;
				INFOPLIST_KEY_UISupportedInterfaceOrientations_iPad = "UIInterfaceOrientationPortrait UIInterfaceOrientationPortraitUpsideDown UIInterfaceOrientationLandscapeLeft UIInterfaceOrientationLandscapeRight";
				INFOPLIST_KEY_UISupportedInterfaceOrientations_iPhone = "UIInterfaceOrientationPortrait UIInterfaceOrientationLandscapeLeft UIInterfaceOrientationLandscapeRight";
				LD_RUNPATH_SEARCH_PATHS = (
					"$(inherited)",
					"@executable_path/Frameworks",
				);
				MARKETING_VERSION = 1.0;
				PRODUCT_BUNDLE_IDENTIFIER = "com.orangeCo.Ddanzi-iOS";
				PRODUCT_NAME = "$(TARGET_NAME)";
				SWIFT_EMIT_LOC_STRINGS = YES;
				SWIFT_VERSION = 5.0;
				TARGETED_DEVICE_FAMILY = "1,2";
			};
			name = Debug;
		};
		36CC96CC2C18D4D100FC9048 /* Release */ = {
			isa = XCBuildConfiguration;
			buildSettings = {
				ASSETCATALOG_COMPILER_APPICON_NAME = AppIcon;
				ASSETCATALOG_COMPILER_GLOBAL_ACCENT_COLOR_NAME = AccentColor;
				CODE_SIGN_STYLE = Automatic;
				CURRENT_PROJECT_VERSION = 1;
				DEVELOPMENT_TEAM = 65NSM7Z327;
				GENERATE_INFOPLIST_FILE = YES;
				INFOPLIST_FILE = "Ddanzi-iOS/Info.plist";
				INFOPLIST_KEY_UIApplicationSupportsIndirectInputEvents = YES;
				INFOPLIST_KEY_UILaunchStoryboardName = LaunchScreen;
				INFOPLIST_KEY_UIMainStoryboardFile = Main;
				INFOPLIST_KEY_UISupportedInterfaceOrientations_iPad = "UIInterfaceOrientationPortrait UIInterfaceOrientationPortraitUpsideDown UIInterfaceOrientationLandscapeLeft UIInterfaceOrientationLandscapeRight";
				INFOPLIST_KEY_UISupportedInterfaceOrientations_iPhone = "UIInterfaceOrientationPortrait UIInterfaceOrientationLandscapeLeft UIInterfaceOrientationLandscapeRight";
				LD_RUNPATH_SEARCH_PATHS = (
					"$(inherited)",
					"@executable_path/Frameworks",
				);
				MARKETING_VERSION = 1.0;
				PRODUCT_BUNDLE_IDENTIFIER = "com.orangeCo.Ddanzi-iOS";
				PRODUCT_NAME = "$(TARGET_NAME)";
				SWIFT_EMIT_LOC_STRINGS = YES;
				SWIFT_VERSION = 5.0;
				TARGETED_DEVICE_FAMILY = "1,2";
			};
			name = Release;
		};
		36CC96CE2C18D4D100FC9048 /* Debug */ = {
			isa = XCBuildConfiguration;
			buildSettings = {
				ALWAYS_EMBED_SWIFT_STANDARD_LIBRARIES = YES;
				BUNDLE_LOADER = "$(TEST_HOST)";
				CODE_SIGN_STYLE = Automatic;
				CURRENT_PROJECT_VERSION = 1;
				DEVELOPMENT_TEAM = 65NSM7Z327;
				GENERATE_INFOPLIST_FILE = YES;
				IPHONEOS_DEPLOYMENT_TARGET = 17.4;
				MARKETING_VERSION = 1.0;
				PRODUCT_BUNDLE_IDENTIFIER = "com.orangeCo.Ddanzi-iOSTests";
				PRODUCT_NAME = "$(TARGET_NAME)";
				SWIFT_EMIT_LOC_STRINGS = NO;
				SWIFT_VERSION = 5.0;
				TARGETED_DEVICE_FAMILY = "1,2";
				TEST_HOST = "$(BUILT_PRODUCTS_DIR)/Ddanzi-iOS.app/$(BUNDLE_EXECUTABLE_FOLDER_PATH)/Ddanzi-iOS";
			};
			name = Debug;
		};
		36CC96CF2C18D4D100FC9048 /* Release */ = {
			isa = XCBuildConfiguration;
			buildSettings = {
				ALWAYS_EMBED_SWIFT_STANDARD_LIBRARIES = YES;
				BUNDLE_LOADER = "$(TEST_HOST)";
				CODE_SIGN_STYLE = Automatic;
				CURRENT_PROJECT_VERSION = 1;
				DEVELOPMENT_TEAM = 65NSM7Z327;
				GENERATE_INFOPLIST_FILE = YES;
				IPHONEOS_DEPLOYMENT_TARGET = 17.4;
				MARKETING_VERSION = 1.0;
				PRODUCT_BUNDLE_IDENTIFIER = "com.orangeCo.Ddanzi-iOSTests";
				PRODUCT_NAME = "$(TARGET_NAME)";
				SWIFT_EMIT_LOC_STRINGS = NO;
				SWIFT_VERSION = 5.0;
				TARGETED_DEVICE_FAMILY = "1,2";
				TEST_HOST = "$(BUILT_PRODUCTS_DIR)/Ddanzi-iOS.app/$(BUNDLE_EXECUTABLE_FOLDER_PATH)/Ddanzi-iOS";
			};
			name = Release;
		};
		36CC96D12C18D4D100FC9048 /* Debug */ = {
			isa = XCBuildConfiguration;
			buildSettings = {
				ALWAYS_EMBED_SWIFT_STANDARD_LIBRARIES = YES;
				CODE_SIGN_STYLE = Automatic;
				CURRENT_PROJECT_VERSION = 1;
				DEVELOPMENT_TEAM = 65NSM7Z327;
				GENERATE_INFOPLIST_FILE = YES;
				MARKETING_VERSION = 1.0;
				PRODUCT_BUNDLE_IDENTIFIER = "com.orangeCo.Ddanzi-iOSUITests";
				PRODUCT_NAME = "$(TARGET_NAME)";
				SWIFT_EMIT_LOC_STRINGS = NO;
				SWIFT_VERSION = 5.0;
				TARGETED_DEVICE_FAMILY = "1,2";
				TEST_TARGET_NAME = "Ddanzi-iOS";
			};
			name = Debug;
		};
		36CC96D22C18D4D100FC9048 /* Release */ = {
			isa = XCBuildConfiguration;
			buildSettings = {
				ALWAYS_EMBED_SWIFT_STANDARD_LIBRARIES = YES;
				CODE_SIGN_STYLE = Automatic;
				CURRENT_PROJECT_VERSION = 1;
				DEVELOPMENT_TEAM = 65NSM7Z327;
				GENERATE_INFOPLIST_FILE = YES;
				MARKETING_VERSION = 1.0;
				PRODUCT_BUNDLE_IDENTIFIER = "com.orangeCo.Ddanzi-iOSUITests";
				PRODUCT_NAME = "$(TARGET_NAME)";
				SWIFT_EMIT_LOC_STRINGS = NO;
				SWIFT_VERSION = 5.0;
				TARGETED_DEVICE_FAMILY = "1,2";
				TEST_TARGET_NAME = "Ddanzi-iOS";
			};
			name = Release;
		};
/* End XCBuildConfiguration section */

/* Begin XCConfigurationList section */
		36CC96982C18D4D000FC9048 /* Build configuration list for PBXProject "Ddanzi-iOS" */ = {
			isa = XCConfigurationList;
			buildConfigurations = (
				36CC96C82C18D4D100FC9048 /* Debug */,
				36CC96C92C18D4D100FC9048 /* Release */,
			);
			defaultConfigurationIsVisible = 0;
			defaultConfigurationName = Release;
		};
		36CC96CA2C18D4D100FC9048 /* Build configuration list for PBXNativeTarget "Ddanzi-iOS" */ = {
			isa = XCConfigurationList;
			buildConfigurations = (
				36CC96CB2C18D4D100FC9048 /* Debug */,
				36CC96CC2C18D4D100FC9048 /* Release */,
			);
			defaultConfigurationIsVisible = 0;
			defaultConfigurationName = Release;
		};
		36CC96CD2C18D4D100FC9048 /* Build configuration list for PBXNativeTarget "Ddanzi-iOSTests" */ = {
			isa = XCConfigurationList;
			buildConfigurations = (
				36CC96CE2C18D4D100FC9048 /* Debug */,
				36CC96CF2C18D4D100FC9048 /* Release */,
			);
			defaultConfigurationIsVisible = 0;
			defaultConfigurationName = Release;
		};
		36CC96D02C18D4D100FC9048 /* Build configuration list for PBXNativeTarget "Ddanzi-iOSUITests" */ = {
			isa = XCConfigurationList;
			buildConfigurations = (
				36CC96D12C18D4D100FC9048 /* Debug */,
				36CC96D22C18D4D100FC9048 /* Release */,
			);
			defaultConfigurationIsVisible = 0;
			defaultConfigurationName = Release;
		};
/* End XCConfigurationList section */

/* Begin XCVersionGroup section */
		36CC96A92C18D4D000FC9048 /* Ddanzi_iOS.xcdatamodeld */ = {
			isa = XCVersionGroup;
			children = (
				36CC96AA2C18D4D000FC9048 /* Ddanzi_iOS.xcdatamodel */,
			);
			currentVersion = 36CC96AA2C18D4D000FC9048 /* Ddanzi_iOS.xcdatamodel */;
			path = Ddanzi_iOS.xcdatamodeld;
			sourceTree = "<group>";
			versionGroupType = wrapper.xcdatamodel;
		};
/* End XCVersionGroup section */
	};
	rootObject = 36CC96952C18D4D000FC9048 /* Project object */;
}
