// !$*UTF8*$!
{
	archiveVersion = 1;
	classes = {
	};
	objectVersion = 56;
	objects = {

/* Begin PBXBuildFile section */
		369C638B2C1A7A240021E2E0 /* AppDelegate.swift in Sources */ = {isa = PBXBuildFile; fileRef = 369C638A2C1A7A240021E2E0 /* AppDelegate.swift */; };
		369C638D2C1A7A240021E2E0 /* SceneDelegate.swift in Sources */ = {isa = PBXBuildFile; fileRef = 369C638C2C1A7A240021E2E0 /* SceneDelegate.swift */; };
		369C638F2C1A7A240021E2E0 /* HomeViewController.swift in Sources */ = {isa = PBXBuildFile; fileRef = 369C638E2C1A7A240021E2E0 /* HomeViewController.swift */; };
		369C63942C1A7A270021E2E0 /* Assets.xcassets in Resources */ = {isa = PBXBuildFile; fileRef = 369C63932C1A7A270021E2E0 /* Assets.xcassets */; };
		369C63A22C1A7A270021E2E0 /* DDANZI_iOSTests.swift in Sources */ = {isa = PBXBuildFile; fileRef = 369C63A12C1A7A270021E2E0 /* DDANZI_iOSTests.swift */; };
		369C63AC2C1A7A270021E2E0 /* DDANZI_iOSUITests.swift in Sources */ = {isa = PBXBuildFile; fileRef = 369C63AB2C1A7A270021E2E0 /* DDANZI_iOSUITests.swift */; };
		369C63AE2C1A7A270021E2E0 /* DDANZI_iOSUITestsLaunchTests.swift in Sources */ = {isa = PBXBuildFile; fileRef = 369C63AD2C1A7A270021E2E0 /* DDANZI_iOSUITestsLaunchTests.swift */; };
		369C63D42C1A7E320021E2E0 /* Pretendard-Thin.otf in Resources */ = {isa = PBXBuildFile; fileRef = 369C63CB2C1A7E310021E2E0 /* Pretendard-Thin.otf */; };
		369C63D52C1A7E320021E2E0 /* Pretendard-Regular.otf in Resources */ = {isa = PBXBuildFile; fileRef = 369C63CC2C1A7E310021E2E0 /* Pretendard-Regular.otf */; };
		369C63D62C1A7E320021E2E0 /* Pretendard-Light.otf in Resources */ = {isa = PBXBuildFile; fileRef = 369C63CD2C1A7E310021E2E0 /* Pretendard-Light.otf */; };
		369C63D72C1A7E320021E2E0 /* Pretendard-Bold.otf in Resources */ = {isa = PBXBuildFile; fileRef = 369C63CE2C1A7E310021E2E0 /* Pretendard-Bold.otf */; };
		369C63D82C1A7E320021E2E0 /* Pretendard-Black.otf in Resources */ = {isa = PBXBuildFile; fileRef = 369C63CF2C1A7E320021E2E0 /* Pretendard-Black.otf */; };
		369C63D92C1A7E320021E2E0 /* Pretendard-ExtraLight.otf in Resources */ = {isa = PBXBuildFile; fileRef = 369C63D02C1A7E320021E2E0 /* Pretendard-ExtraLight.otf */; };
		369C63DA2C1A7E320021E2E0 /* Pretendard-Medium.otf in Resources */ = {isa = PBXBuildFile; fileRef = 369C63D12C1A7E320021E2E0 /* Pretendard-Medium.otf */; };
		369C63DB2C1A7E320021E2E0 /* Pretendard-ExtraBold.otf in Resources */ = {isa = PBXBuildFile; fileRef = 369C63D22C1A7E320021E2E0 /* Pretendard-ExtraBold.otf */; };
		369C63DC2C1A7E320021E2E0 /* Pretendard-SemiBold.otf in Resources */ = {isa = PBXBuildFile; fileRef = 369C63D32C1A7E320021E2E0 /* Pretendard-SemiBold.otf */; };
		369C63DF2C1A84DD0021E2E0 /* Fonts.swift in Sources */ = {isa = PBXBuildFile; fileRef = 369C63DE2C1A84DD0021E2E0 /* Fonts.swift */; };
		369C63E12C1A8D760021E2E0 /* UIView+.swift in Sources */ = {isa = PBXBuildFile; fileRef = 369C63E02C1A8D760021E2E0 /* UIView+.swift */; };
		369C63E32C1A95060021E2E0 /* UIColor+.swift in Sources */ = {isa = PBXBuildFile; fileRef = 369C63E22C1A95060021E2E0 /* UIColor+.swift */; };
		369C63E52C1A95280021E2E0 /* UIButton+.swift in Sources */ = {isa = PBXBuildFile; fileRef = 369C63E42C1A95280021E2E0 /* UIButton+.swift */; };
/* End PBXBuildFile section */

/* Begin PBXContainerItemProxy section */
		369C639E2C1A7A270021E2E0 /* PBXContainerItemProxy */ = {
			isa = PBXContainerItemProxy;
			containerPortal = 369C637F2C1A7A240021E2E0 /* Project object */;
			proxyType = 1;
			remoteGlobalIDString = 369C63862C1A7A240021E2E0;
			remoteInfo = DDANZI_iOS;
		};
		369C63A82C1A7A270021E2E0 /* PBXContainerItemProxy */ = {
			isa = PBXContainerItemProxy;
			containerPortal = 369C637F2C1A7A240021E2E0 /* Project object */;
			proxyType = 1;
			remoteGlobalIDString = 369C63862C1A7A240021E2E0;
			remoteInfo = DDANZI_iOS;
		};
/* End PBXContainerItemProxy section */

/* Begin PBXFileReference section */
		369C63872C1A7A240021E2E0 /* DDANZI_iOS.app */ = {isa = PBXFileReference; explicitFileType = wrapper.application; includeInIndex = 0; path = DDANZI_iOS.app; sourceTree = BUILT_PRODUCTS_DIR; };
		369C638A2C1A7A240021E2E0 /* AppDelegate.swift */ = {isa = PBXFileReference; lastKnownFileType = sourcecode.swift; path = AppDelegate.swift; sourceTree = "<group>"; };
		369C638C2C1A7A240021E2E0 /* SceneDelegate.swift */ = {isa = PBXFileReference; lastKnownFileType = sourcecode.swift; path = SceneDelegate.swift; sourceTree = "<group>"; };
		369C638E2C1A7A240021E2E0 /* HomeViewController.swift */ = {isa = PBXFileReference; lastKnownFileType = sourcecode.swift; path = HomeViewController.swift; sourceTree = "<group>"; };
		369C63932C1A7A270021E2E0 /* Assets.xcassets */ = {isa = PBXFileReference; lastKnownFileType = folder.assetcatalog; path = Assets.xcassets; sourceTree = "<group>"; };
		369C63982C1A7A270021E2E0 /* Info.plist */ = {isa = PBXFileReference; lastKnownFileType = text.plist.xml; path = Info.plist; sourceTree = "<group>"; };
		369C639D2C1A7A270021E2E0 /* DDANZI_iOSTests.xctest */ = {isa = PBXFileReference; explicitFileType = wrapper.cfbundle; includeInIndex = 0; path = DDANZI_iOSTests.xctest; sourceTree = BUILT_PRODUCTS_DIR; };
		369C63A12C1A7A270021E2E0 /* DDANZI_iOSTests.swift */ = {isa = PBXFileReference; lastKnownFileType = sourcecode.swift; path = DDANZI_iOSTests.swift; sourceTree = "<group>"; };
		369C63A72C1A7A270021E2E0 /* DDANZI_iOSUITests.xctest */ = {isa = PBXFileReference; explicitFileType = wrapper.cfbundle; includeInIndex = 0; path = DDANZI_iOSUITests.xctest; sourceTree = BUILT_PRODUCTS_DIR; };
		369C63AB2C1A7A270021E2E0 /* DDANZI_iOSUITests.swift */ = {isa = PBXFileReference; lastKnownFileType = sourcecode.swift; path = DDANZI_iOSUITests.swift; sourceTree = "<group>"; };
		369C63AD2C1A7A270021E2E0 /* DDANZI_iOSUITestsLaunchTests.swift */ = {isa = PBXFileReference; lastKnownFileType = sourcecode.swift; path = DDANZI_iOSUITestsLaunchTests.swift; sourceTree = "<group>"; };
		369C63CB2C1A7E310021E2E0 /* Pretendard-Thin.otf */ = {isa = PBXFileReference; lastKnownFileType = file; path = "Pretendard-Thin.otf"; sourceTree = "<group>"; };
		369C63CC2C1A7E310021E2E0 /* Pretendard-Regular.otf */ = {isa = PBXFileReference; lastKnownFileType = file; path = "Pretendard-Regular.otf"; sourceTree = "<group>"; };
		369C63CD2C1A7E310021E2E0 /* Pretendard-Light.otf */ = {isa = PBXFileReference; lastKnownFileType = file; path = "Pretendard-Light.otf"; sourceTree = "<group>"; };
		369C63CE2C1A7E310021E2E0 /* Pretendard-Bold.otf */ = {isa = PBXFileReference; lastKnownFileType = file; path = "Pretendard-Bold.otf"; sourceTree = "<group>"; };
		369C63CF2C1A7E320021E2E0 /* Pretendard-Black.otf */ = {isa = PBXFileReference; lastKnownFileType = file; path = "Pretendard-Black.otf"; sourceTree = "<group>"; };
		369C63D02C1A7E320021E2E0 /* Pretendard-ExtraLight.otf */ = {isa = PBXFileReference; lastKnownFileType = file; path = "Pretendard-ExtraLight.otf"; sourceTree = "<group>"; };
		369C63D12C1A7E320021E2E0 /* Pretendard-Medium.otf */ = {isa = PBXFileReference; lastKnownFileType = file; path = "Pretendard-Medium.otf"; sourceTree = "<group>"; };
		369C63D22C1A7E320021E2E0 /* Pretendard-ExtraBold.otf */ = {isa = PBXFileReference; lastKnownFileType = file; path = "Pretendard-ExtraBold.otf"; sourceTree = "<group>"; };
		369C63D32C1A7E320021E2E0 /* Pretendard-SemiBold.otf */ = {isa = PBXFileReference; lastKnownFileType = file; path = "Pretendard-SemiBold.otf"; sourceTree = "<group>"; };
		369C63DE2C1A84DD0021E2E0 /* Fonts.swift */ = {isa = PBXFileReference; lastKnownFileType = sourcecode.swift; path = Fonts.swift; sourceTree = "<group>"; };
		369C63E02C1A8D760021E2E0 /* UIView+.swift */ = {isa = PBXFileReference; lastKnownFileType = sourcecode.swift; path = "UIView+.swift"; sourceTree = "<group>"; };
		369C63E22C1A95060021E2E0 /* UIColor+.swift */ = {isa = PBXFileReference; lastKnownFileType = sourcecode.swift; path = "UIColor+.swift"; sourceTree = "<group>"; };
		369C63E42C1A95280021E2E0 /* UIButton+.swift */ = {isa = PBXFileReference; lastKnownFileType = sourcecode.swift; path = "UIButton+.swift"; sourceTree = "<group>"; };
/* End PBXFileReference section */

/* Begin PBXFrameworksBuildPhase section */
		369C63842C1A7A240021E2E0 /* Frameworks */ = {
			isa = PBXFrameworksBuildPhase;
			buildActionMask = 2147483647;
			files = (
			);
			runOnlyForDeploymentPostprocessing = 0;
		};
		369C639A2C1A7A270021E2E0 /* Frameworks */ = {
			isa = PBXFrameworksBuildPhase;
			buildActionMask = 2147483647;
			files = (
			);
			runOnlyForDeploymentPostprocessing = 0;
		};
		369C63A42C1A7A270021E2E0 /* Frameworks */ = {
			isa = PBXFrameworksBuildPhase;
			buildActionMask = 2147483647;
			files = (
			);
			runOnlyForDeploymentPostprocessing = 0;
		};
/* End PBXFrameworksBuildPhase section */

/* Begin PBXGroup section */
		369C637E2C1A7A240021E2E0 = {
			isa = PBXGroup;
			children = (
				369C63892C1A7A240021E2E0 /* DDANZI_iOS */,
				369C63A02C1A7A270021E2E0 /* DDANZI_iOSTests */,
				369C63AA2C1A7A270021E2E0 /* DDANZI_iOSUITests */,
				369C63882C1A7A240021E2E0 /* Products */,
			);
			sourceTree = "<group>";
		};
		369C63882C1A7A240021E2E0 /* Products */ = {
			isa = PBXGroup;
			children = (
				369C63872C1A7A240021E2E0 /* DDANZI_iOS.app */,
				369C639D2C1A7A270021E2E0 /* DDANZI_iOSTests.xctest */,
				369C63A72C1A7A270021E2E0 /* DDANZI_iOSUITests.xctest */,
			);
			name = Products;
			sourceTree = "<group>";
		};
		369C63892C1A7A240021E2E0 /* DDANZI_iOS */ = {
			isa = PBXGroup;
			children = (
				369C63CA2C1A7DEF0021E2E0 /* Common */,
				369C63BA2C1A7AD60021E2E0 /* Application */,
				369C63BE2C1A7AFA0021E2E0 /* Presentation */,
				369C63BB2C1A7ADE0021E2E0 /* Data */,
				369C63BC2C1A7AE30021E2E0 /* Domain */,
			);
			path = DDANZI_iOS;
			sourceTree = "<group>";
		};
		369C63A02C1A7A270021E2E0 /* DDANZI_iOSTests */ = {
			isa = PBXGroup;
			children = (
				369C63A12C1A7A270021E2E0 /* DDANZI_iOSTests.swift */,
			);
			path = DDANZI_iOSTests;
			sourceTree = "<group>";
		};
		369C63AA2C1A7A270021E2E0 /* DDANZI_iOSUITests */ = {
			isa = PBXGroup;
			children = (
				369C63AB2C1A7A270021E2E0 /* DDANZI_iOSUITests.swift */,
				369C63AD2C1A7A270021E2E0 /* DDANZI_iOSUITestsLaunchTests.swift */,
			);
			path = DDANZI_iOSUITests;
			sourceTree = "<group>";
		};
		369C63BA2C1A7AD60021E2E0 /* Application */ = {
			isa = PBXGroup;
			children = (
				369C63982C1A7A270021E2E0 /* Info.plist */,
				369C638A2C1A7A240021E2E0 /* AppDelegate.swift */,
				369C638C2C1A7A240021E2E0 /* SceneDelegate.swift */,
			);
			path = Application;
			sourceTree = "<group>";
		};
		369C63BB2C1A7ADE0021E2E0 /* Data */ = {
			isa = PBXGroup;
			children = (
				369C63C42C1A7BA00021E2E0 /* Network */,
				369C63C32C1A7B990021E2E0 /* Repositories */,
			);
			path = Data;
			sourceTree = "<group>";
		};
		369C63BC2C1A7AE30021E2E0 /* Domain */ = {
			isa = PBXGroup;
			children = (
				369C63C12C1A7B7E0021E2E0 /* Interfaces */,
				369C63C02C1A7B770021E2E0 /* UseCases */,
				369C63BF2C1A7B710021E2E0 /* Entities */,
			);
			path = Domain;
			sourceTree = "<group>";
		};
		369C63BE2C1A7AFA0021E2E0 /* Presentation */ = {
			isa = PBXGroup;
			children = (
				369C63C62C1A7D320021E2E0 /* Home */,
			);
			path = Presentation;
			sourceTree = "<group>";
		};
		369C63BF2C1A7B710021E2E0 /* Entities */ = {
			isa = PBXGroup;
			children = (
			);
			path = Entities;
			sourceTree = "<group>";
		};
		369C63C02C1A7B770021E2E0 /* UseCases */ = {
			isa = PBXGroup;
			children = (
			);
			path = UseCases;
			sourceTree = "<group>";
		};
		369C63C12C1A7B7E0021E2E0 /* Interfaces */ = {
			isa = PBXGroup;
			children = (
				369C63C22C1A7B890021E2E0 /* Reporsitories */,
			);
			path = Interfaces;
			sourceTree = "<group>";
		};
		369C63C22C1A7B890021E2E0 /* Reporsitories */ = {
			isa = PBXGroup;
			children = (
			);
			path = Reporsitories;
			sourceTree = "<group>";
		};
		369C63C32C1A7B990021E2E0 /* Repositories */ = {
			isa = PBXGroup;
			children = (
			);
			path = Repositories;
			sourceTree = "<group>";
		};
		369C63C42C1A7BA00021E2E0 /* Network */ = {
			isa = PBXGroup;
			children = (
			);
			path = Network;
			sourceTree = "<group>";
		};
		369C63C62C1A7D320021E2E0 /* Home */ = {
			isa = PBXGroup;
			children = (
				369C638E2C1A7A240021E2E0 /* HomeViewController.swift */,
			);
			path = Home;
			sourceTree = "<group>";
		};
		369C63C72C1A7DC30021E2E0 /* Resource */ = {
			isa = PBXGroup;
			children = (
				369C63C92C1A7DDF0021E2E0 /* DesignSystem */,
				369C63C82C1A7DDA0021E2E0 /* Fonts */,
				369C63932C1A7A270021E2E0 /* Assets.xcassets */,
			);
			path = Resource;
			sourceTree = "<group>";
		};
		369C63C82C1A7DDA0021E2E0 /* Fonts */ = {
			isa = PBXGroup;
			children = (
				369C63CF2C1A7E320021E2E0 /* Pretendard-Black.otf */,
				369C63CE2C1A7E310021E2E0 /* Pretendard-Bold.otf */,
				369C63D22C1A7E320021E2E0 /* Pretendard-ExtraBold.otf */,
				369C63D02C1A7E320021E2E0 /* Pretendard-ExtraLight.otf */,
				369C63CD2C1A7E310021E2E0 /* Pretendard-Light.otf */,
				369C63D12C1A7E320021E2E0 /* Pretendard-Medium.otf */,
				369C63CC2C1A7E310021E2E0 /* Pretendard-Regular.otf */,
				369C63D32C1A7E320021E2E0 /* Pretendard-SemiBold.otf */,
				369C63CB2C1A7E310021E2E0 /* Pretendard-Thin.otf */,
			);
			path = Fonts;
			sourceTree = "<group>";
		};
		369C63C92C1A7DDF0021E2E0 /* DesignSystem */ = {
			isa = PBXGroup;
			children = (
				369C63DE2C1A84DD0021E2E0 /* Fonts.swift */,
			);
			path = DesignSystem;
			sourceTree = "<group>";
		};
		369C63CA2C1A7DEF0021E2E0 /* Common */ = {
			isa = PBXGroup;
			children = (
				369C63DD2C1A7E5E0021E2E0 /* Extension */,
				369C63C72C1A7DC30021E2E0 /* Resource */,
			);
			path = Common;
			sourceTree = "<group>";
		};
		369C63DD2C1A7E5E0021E2E0 /* Extension */ = {
			isa = PBXGroup;
			children = (
				369C63E02C1A8D760021E2E0 /* UIView+.swift */,
				369C63E22C1A95060021E2E0 /* UIColor+.swift */,
				369C63E42C1A95280021E2E0 /* UIButton+.swift */,
			);
			path = Extension;
			sourceTree = "<group>";
		};
/* End PBXGroup section */

/* Begin PBXNativeTarget section */
		369C63862C1A7A240021E2E0 /* DDANZI_iOS */ = {
			isa = PBXNativeTarget;
			buildConfigurationList = 369C63B12C1A7A270021E2E0 /* Build configuration list for PBXNativeTarget "DDANZI_iOS" */;
			buildPhases = (
				369C63832C1A7A240021E2E0 /* Sources */,
				369C63842C1A7A240021E2E0 /* Frameworks */,
				369C63852C1A7A240021E2E0 /* Resources */,
			);
			buildRules = (
			);
			dependencies = (
			);
			name = DDANZI_iOS;
			productName = DDANZI_iOS;
			productReference = 369C63872C1A7A240021E2E0 /* DDANZI_iOS.app */;
			productType = "com.apple.product-type.application";
		};
		369C639C2C1A7A270021E2E0 /* DDANZI_iOSTests */ = {
			isa = PBXNativeTarget;
			buildConfigurationList = 369C63B42C1A7A270021E2E0 /* Build configuration list for PBXNativeTarget "DDANZI_iOSTests" */;
			buildPhases = (
				369C63992C1A7A270021E2E0 /* Sources */,
				369C639A2C1A7A270021E2E0 /* Frameworks */,
				369C639B2C1A7A270021E2E0 /* Resources */,
			);
			buildRules = (
			);
			dependencies = (
				369C639F2C1A7A270021E2E0 /* PBXTargetDependency */,
			);
			name = DDANZI_iOSTests;
			productName = DDANZI_iOSTests;
			productReference = 369C639D2C1A7A270021E2E0 /* DDANZI_iOSTests.xctest */;
			productType = "com.apple.product-type.bundle.unit-test";
		};
		369C63A62C1A7A270021E2E0 /* DDANZI_iOSUITests */ = {
			isa = PBXNativeTarget;
			buildConfigurationList = 369C63B72C1A7A270021E2E0 /* Build configuration list for PBXNativeTarget "DDANZI_iOSUITests" */;
			buildPhases = (
				369C63A32C1A7A270021E2E0 /* Sources */,
				369C63A42C1A7A270021E2E0 /* Frameworks */,
				369C63A52C1A7A270021E2E0 /* Resources */,
			);
			buildRules = (
			);
			dependencies = (
				369C63A92C1A7A270021E2E0 /* PBXTargetDependency */,
			);
			name = DDANZI_iOSUITests;
			productName = DDANZI_iOSUITests;
			productReference = 369C63A72C1A7A270021E2E0 /* DDANZI_iOSUITests.xctest */;
			productType = "com.apple.product-type.bundle.ui-testing";
		};
/* End PBXNativeTarget section */

/* Begin PBXProject section */
		369C637F2C1A7A240021E2E0 /* Project object */ = {
			isa = PBXProject;
			attributes = {
				BuildIndependentTargetsInParallel = 1;
				LastSwiftUpdateCheck = 1530;
				LastUpgradeCheck = 1530;
				TargetAttributes = {
					369C63862C1A7A240021E2E0 = {
						CreatedOnToolsVersion = 15.3;
					};
					369C639C2C1A7A270021E2E0 = {
						CreatedOnToolsVersion = 15.3;
						TestTargetID = 369C63862C1A7A240021E2E0;
					};
					369C63A62C1A7A270021E2E0 = {
						CreatedOnToolsVersion = 15.3;
						TestTargetID = 369C63862C1A7A240021E2E0;
					};
				};
			};
			buildConfigurationList = 369C63822C1A7A240021E2E0 /* Build configuration list for PBXProject "DDANZI_iOS" */;
			compatibilityVersion = "Xcode 14.0";
			developmentRegion = en;
			hasScannedForEncodings = 0;
			knownRegions = (
				en,
				Base,
			);
			mainGroup = 369C637E2C1A7A240021E2E0;
			productRefGroup = 369C63882C1A7A240021E2E0 /* Products */;
			projectDirPath = "";
			projectRoot = "";
			targets = (
				369C63862C1A7A240021E2E0 /* DDANZI_iOS */,
				369C639C2C1A7A270021E2E0 /* DDANZI_iOSTests */,
				369C63A62C1A7A270021E2E0 /* DDANZI_iOSUITests */,
			);
		};
/* End PBXProject section */

/* Begin PBXResourcesBuildPhase section */
		369C63852C1A7A240021E2E0 /* Resources */ = {
			isa = PBXResourcesBuildPhase;
			buildActionMask = 2147483647;
			files = (
				369C63D92C1A7E320021E2E0 /* Pretendard-ExtraLight.otf in Resources */,
				369C63942C1A7A270021E2E0 /* Assets.xcassets in Resources */,
				369C63DB2C1A7E320021E2E0 /* Pretendard-ExtraBold.otf in Resources */,
				369C63D72C1A7E320021E2E0 /* Pretendard-Bold.otf in Resources */,
				369C63DA2C1A7E320021E2E0 /* Pretendard-Medium.otf in Resources */,
				369C63D62C1A7E320021E2E0 /* Pretendard-Light.otf in Resources */,
				369C63D52C1A7E320021E2E0 /* Pretendard-Regular.otf in Resources */,
				369C63DC2C1A7E320021E2E0 /* Pretendard-SemiBold.otf in Resources */,
				369C63D82C1A7E320021E2E0 /* Pretendard-Black.otf in Resources */,
				369C63D42C1A7E320021E2E0 /* Pretendard-Thin.otf in Resources */,
			);
			runOnlyForDeploymentPostprocessing = 0;
		};
		369C639B2C1A7A270021E2E0 /* Resources */ = {
			isa = PBXResourcesBuildPhase;
			buildActionMask = 2147483647;
			files = (
			);
			runOnlyForDeploymentPostprocessing = 0;
		};
		369C63A52C1A7A270021E2E0 /* Resources */ = {
			isa = PBXResourcesBuildPhase;
			buildActionMask = 2147483647;
			files = (
			);
			runOnlyForDeploymentPostprocessing = 0;
		};
/* End PBXResourcesBuildPhase section */

/* Begin PBXSourcesBuildPhase section */
		369C63832C1A7A240021E2E0 /* Sources */ = {
			isa = PBXSourcesBuildPhase;
			buildActionMask = 2147483647;
			files = (
				369C63DF2C1A84DD0021E2E0 /* Fonts.swift in Sources */,
				369C63E52C1A95280021E2E0 /* UIButton+.swift in Sources */,
				369C63E32C1A95060021E2E0 /* UIColor+.swift in Sources */,
				369C638F2C1A7A240021E2E0 /* HomeViewController.swift in Sources */,
				369C638B2C1A7A240021E2E0 /* AppDelegate.swift in Sources */,
				369C638D2C1A7A240021E2E0 /* SceneDelegate.swift in Sources */,
				369C63E12C1A8D760021E2E0 /* UIView+.swift in Sources */,
			);
			runOnlyForDeploymentPostprocessing = 0;
		};
		369C63992C1A7A270021E2E0 /* Sources */ = {
			isa = PBXSourcesBuildPhase;
			buildActionMask = 2147483647;
			files = (
				369C63A22C1A7A270021E2E0 /* DDANZI_iOSTests.swift in Sources */,
			);
			runOnlyForDeploymentPostprocessing = 0;
		};
		369C63A32C1A7A270021E2E0 /* Sources */ = {
			isa = PBXSourcesBuildPhase;
			buildActionMask = 2147483647;
			files = (
				369C63AE2C1A7A270021E2E0 /* DDANZI_iOSUITestsLaunchTests.swift in Sources */,
				369C63AC2C1A7A270021E2E0 /* DDANZI_iOSUITests.swift in Sources */,
			);
			runOnlyForDeploymentPostprocessing = 0;
		};
/* End PBXSourcesBuildPhase section */

/* Begin PBXTargetDependency section */
		369C639F2C1A7A270021E2E0 /* PBXTargetDependency */ = {
			isa = PBXTargetDependency;
			target = 369C63862C1A7A240021E2E0 /* DDANZI_iOS */;
			targetProxy = 369C639E2C1A7A270021E2E0 /* PBXContainerItemProxy */;
		};
		369C63A92C1A7A270021E2E0 /* PBXTargetDependency */ = {
			isa = PBXTargetDependency;
			target = 369C63862C1A7A240021E2E0 /* DDANZI_iOS */;
			targetProxy = 369C63A82C1A7A270021E2E0 /* PBXContainerItemProxy */;
		};
/* End PBXTargetDependency section */

/* Begin XCBuildConfiguration section */
		369C63AF2C1A7A270021E2E0 /* Debug */ = {
			isa = XCBuildConfiguration;
			buildSettings = {
				ALWAYS_SEARCH_USER_PATHS = NO;
				ASSETCATALOG_COMPILER_GENERATE_SWIFT_ASSET_SYMBOL_EXTENSIONS = YES;
				CLANG_ANALYZER_NONNULL = YES;
				CLANG_ANALYZER_NUMBER_OBJECT_CONVERSION = YES_AGGRESSIVE;
				CLANG_CXX_LANGUAGE_STANDARD = "gnu++20";
				CLANG_ENABLE_MODULES = YES;
				CLANG_ENABLE_OBJC_ARC = YES;
				CLANG_ENABLE_OBJC_WEAK = YES;
				CLANG_WARN_BLOCK_CAPTURE_AUTORELEASING = YES;
				CLANG_WARN_BOOL_CONVERSION = YES;
				CLANG_WARN_COMMA = YES;
				CLANG_WARN_CONSTANT_CONVERSION = YES;
				CLANG_WARN_DEPRECATED_OBJC_IMPLEMENTATIONS = YES;
				CLANG_WARN_DIRECT_OBJC_ISA_USAGE = YES_ERROR;
				CLANG_WARN_DOCUMENTATION_COMMENTS = YES;
				CLANG_WARN_EMPTY_BODY = YES;
				CLANG_WARN_ENUM_CONVERSION = YES;
				CLANG_WARN_INFINITE_RECURSION = YES;
				CLANG_WARN_INT_CONVERSION = YES;
				CLANG_WARN_NON_LITERAL_NULL_CONVERSION = YES;
				CLANG_WARN_OBJC_IMPLICIT_RETAIN_SELF = YES;
				CLANG_WARN_OBJC_LITERAL_CONVERSION = YES;
				CLANG_WARN_OBJC_ROOT_CLASS = YES_ERROR;
				CLANG_WARN_QUOTED_INCLUDE_IN_FRAMEWORK_HEADER = YES;
				CLANG_WARN_RANGE_LOOP_ANALYSIS = YES;
				CLANG_WARN_STRICT_PROTOTYPES = YES;
				CLANG_WARN_SUSPICIOUS_MOVE = YES;
				CLANG_WARN_UNGUARDED_AVAILABILITY = YES_AGGRESSIVE;
				CLANG_WARN_UNREACHABLE_CODE = YES;
				CLANG_WARN__DUPLICATE_METHOD_MATCH = YES;
				COPY_PHASE_STRIP = NO;
				DEBUG_INFORMATION_FORMAT = dwarf;
				ENABLE_STRICT_OBJC_MSGSEND = YES;
				ENABLE_TESTABILITY = YES;
				ENABLE_USER_SCRIPT_SANDBOXING = YES;
				GCC_C_LANGUAGE_STANDARD = gnu17;
				GCC_DYNAMIC_NO_PIC = NO;
				GCC_NO_COMMON_BLOCKS = YES;
				GCC_OPTIMIZATION_LEVEL = 0;
				GCC_PREPROCESSOR_DEFINITIONS = (
					"DEBUG=1",
					"$(inherited)",
				);
				GCC_WARN_64_TO_32_BIT_CONVERSION = YES;
				GCC_WARN_ABOUT_RETURN_TYPE = YES_ERROR;
				GCC_WARN_UNDECLARED_SELECTOR = YES;
				GCC_WARN_UNINITIALIZED_AUTOS = YES_AGGRESSIVE;
				GCC_WARN_UNUSED_FUNCTION = YES;
				GCC_WARN_UNUSED_VARIABLE = YES;
				IPHONEOS_DEPLOYMENT_TARGET = 17.4;
				LOCALIZATION_PREFERS_STRING_CATALOGS = YES;
				MTL_ENABLE_DEBUG_INFO = INCLUDE_SOURCE;
				MTL_FAST_MATH = YES;
				ONLY_ACTIVE_ARCH = YES;
				SDKROOT = iphoneos;
				SWIFT_ACTIVE_COMPILATION_CONDITIONS = "DEBUG $(inherited)";
				SWIFT_OPTIMIZATION_LEVEL = "-Onone";
			};
			name = Debug;
		};
		369C63B02C1A7A270021E2E0 /* Release */ = {
			isa = XCBuildConfiguration;
			buildSettings = {
				ALWAYS_SEARCH_USER_PATHS = NO;
				ASSETCATALOG_COMPILER_GENERATE_SWIFT_ASSET_SYMBOL_EXTENSIONS = YES;
				CLANG_ANALYZER_NONNULL = YES;
				CLANG_ANALYZER_NUMBER_OBJECT_CONVERSION = YES_AGGRESSIVE;
				CLANG_CXX_LANGUAGE_STANDARD = "gnu++20";
				CLANG_ENABLE_MODULES = YES;
				CLANG_ENABLE_OBJC_ARC = YES;
				CLANG_ENABLE_OBJC_WEAK = YES;
				CLANG_WARN_BLOCK_CAPTURE_AUTORELEASING = YES;
				CLANG_WARN_BOOL_CONVERSION = YES;
				CLANG_WARN_COMMA = YES;
				CLANG_WARN_CONSTANT_CONVERSION = YES;
				CLANG_WARN_DEPRECATED_OBJC_IMPLEMENTATIONS = YES;
				CLANG_WARN_DIRECT_OBJC_ISA_USAGE = YES_ERROR;
				CLANG_WARN_DOCUMENTATION_COMMENTS = YES;
				CLANG_WARN_EMPTY_BODY = YES;
				CLANG_WARN_ENUM_CONVERSION = YES;
				CLANG_WARN_INFINITE_RECURSION = YES;
				CLANG_WARN_INT_CONVERSION = YES;
				CLANG_WARN_NON_LITERAL_NULL_CONVERSION = YES;
				CLANG_WARN_OBJC_IMPLICIT_RETAIN_SELF = YES;
				CLANG_WARN_OBJC_LITERAL_CONVERSION = YES;
				CLANG_WARN_OBJC_ROOT_CLASS = YES_ERROR;
				CLANG_WARN_QUOTED_INCLUDE_IN_FRAMEWORK_HEADER = YES;
				CLANG_WARN_RANGE_LOOP_ANALYSIS = YES;
				CLANG_WARN_STRICT_PROTOTYPES = YES;
				CLANG_WARN_SUSPICIOUS_MOVE = YES;
				CLANG_WARN_UNGUARDED_AVAILABILITY = YES_AGGRESSIVE;
				CLANG_WARN_UNREACHABLE_CODE = YES;
				CLANG_WARN__DUPLICATE_METHOD_MATCH = YES;
				COPY_PHASE_STRIP = NO;
				DEBUG_INFORMATION_FORMAT = "dwarf-with-dsym";
				ENABLE_NS_ASSERTIONS = NO;
				ENABLE_STRICT_OBJC_MSGSEND = YES;
				ENABLE_USER_SCRIPT_SANDBOXING = YES;
				GCC_C_LANGUAGE_STANDARD = gnu17;
				GCC_NO_COMMON_BLOCKS = YES;
				GCC_WARN_64_TO_32_BIT_CONVERSION = YES;
				GCC_WARN_ABOUT_RETURN_TYPE = YES_ERROR;
				GCC_WARN_UNDECLARED_SELECTOR = YES;
				GCC_WARN_UNINITIALIZED_AUTOS = YES_AGGRESSIVE;
				GCC_WARN_UNUSED_FUNCTION = YES;
				GCC_WARN_UNUSED_VARIABLE = YES;
				IPHONEOS_DEPLOYMENT_TARGET = 17.4;
				LOCALIZATION_PREFERS_STRING_CATALOGS = YES;
				MTL_ENABLE_DEBUG_INFO = NO;
				MTL_FAST_MATH = YES;
				SDKROOT = iphoneos;
				SWIFT_COMPILATION_MODE = wholemodule;
				VALIDATE_PRODUCT = YES;
			};
			name = Release;
		};
		369C63B22C1A7A270021E2E0 /* Debug */ = {
			isa = XCBuildConfiguration;
			buildSettings = {
				ASSETCATALOG_COMPILER_APPICON_NAME = AppIcon;
				ASSETCATALOG_COMPILER_GLOBAL_ACCENT_COLOR_NAME = AccentColor;
				CODE_SIGN_STYLE = Automatic;
				CURRENT_PROJECT_VERSION = 1;
				DEVELOPMENT_TEAM = 65NSM7Z327;
				GENERATE_INFOPLIST_FILE = YES;
				INFOPLIST_FILE = DDANZI_iOS/Application/Info.plist;
				INFOPLIST_KEY_LSApplicationCategoryType = "";
				INFOPLIST_KEY_UIApplicationSupportsIndirectInputEvents = YES;
				INFOPLIST_KEY_UISupportedInterfaceOrientations_iPad = "UIInterfaceOrientationPortrait UIInterfaceOrientationPortraitUpsideDown UIInterfaceOrientationLandscapeLeft UIInterfaceOrientationLandscapeRight";
				INFOPLIST_KEY_UISupportedInterfaceOrientations_iPhone = "UIInterfaceOrientationPortrait UIInterfaceOrientationLandscapeLeft UIInterfaceOrientationLandscapeRight";
				LD_RUNPATH_SEARCH_PATHS = (
					"$(inherited)",
					"@executable_path/Frameworks",
				);
				MARKETING_VERSION = 1.0;
				PRODUCT_BUNDLE_IDENTIFIER = "com.orangeCo.DDANZI-iOS";
				PRODUCT_NAME = "$(TARGET_NAME)";
				SWIFT_EMIT_LOC_STRINGS = YES;
				SWIFT_VERSION = 5.0;
				TARGETED_DEVICE_FAMILY = "1,2";
			};
			name = Debug;
		};
		369C63B32C1A7A270021E2E0 /* Release */ = {
			isa = XCBuildConfiguration;
			buildSettings = {
				ASSETCATALOG_COMPILER_APPICON_NAME = AppIcon;
				ASSETCATALOG_COMPILER_GLOBAL_ACCENT_COLOR_NAME = AccentColor;
				CODE_SIGN_STYLE = Automatic;
				CURRENT_PROJECT_VERSION = 1;
				DEVELOPMENT_TEAM = 65NSM7Z327;
				GENERATE_INFOPLIST_FILE = YES;
				INFOPLIST_FILE = DDANZI_iOS/Application/Info.plist;
				INFOPLIST_KEY_LSApplicationCategoryType = "";
				INFOPLIST_KEY_UIApplicationSupportsIndirectInputEvents = YES;
				INFOPLIST_KEY_UISupportedInterfaceOrientations_iPad = "UIInterfaceOrientationPortrait UIInterfaceOrientationPortraitUpsideDown UIInterfaceOrientationLandscapeLeft UIInterfaceOrientationLandscapeRight";
				INFOPLIST_KEY_UISupportedInterfaceOrientations_iPhone = "UIInterfaceOrientationPortrait UIInterfaceOrientationLandscapeLeft UIInterfaceOrientationLandscapeRight";
				LD_RUNPATH_SEARCH_PATHS = (
					"$(inherited)",
					"@executable_path/Frameworks",
				);
				MARKETING_VERSION = 1.0;
				PRODUCT_BUNDLE_IDENTIFIER = "com.orangeCo.DDANZI-iOS";
				PRODUCT_NAME = "$(TARGET_NAME)";
				SWIFT_EMIT_LOC_STRINGS = YES;
				SWIFT_VERSION = 5.0;
				TARGETED_DEVICE_FAMILY = "1,2";
			};
			name = Release;
		};
		369C63B52C1A7A270021E2E0 /* Debug */ = {
			isa = XCBuildConfiguration;
			buildSettings = {
				ALWAYS_EMBED_SWIFT_STANDARD_LIBRARIES = YES;
				BUNDLE_LOADER = "$(TEST_HOST)";
				CODE_SIGN_STYLE = Automatic;
				CURRENT_PROJECT_VERSION = 1;
				DEVELOPMENT_TEAM = 65NSM7Z327;
				GENERATE_INFOPLIST_FILE = YES;
				IPHONEOS_DEPLOYMENT_TARGET = 17.4;
				MARKETING_VERSION = 1.0;
				PRODUCT_BUNDLE_IDENTIFIER = "com.orangeCo.DDANZI-iOSTests";
				PRODUCT_NAME = "$(TARGET_NAME)";
				SWIFT_EMIT_LOC_STRINGS = NO;
				SWIFT_VERSION = 5.0;
				TARGETED_DEVICE_FAMILY = "1,2";
				TEST_HOST = "$(BUILT_PRODUCTS_DIR)/DDANZI_iOS.app/$(BUNDLE_EXECUTABLE_FOLDER_PATH)/DDANZI_iOS";
			};
			name = Debug;
		};
		369C63B62C1A7A270021E2E0 /* Release */ = {
			isa = XCBuildConfiguration;
			buildSettings = {
				ALWAYS_EMBED_SWIFT_STANDARD_LIBRARIES = YES;
				BUNDLE_LOADER = "$(TEST_HOST)";
				CODE_SIGN_STYLE = Automatic;
				CURRENT_PROJECT_VERSION = 1;
				DEVELOPMENT_TEAM = 65NSM7Z327;
				GENERATE_INFOPLIST_FILE = YES;
				IPHONEOS_DEPLOYMENT_TARGET = 17.4;
				MARKETING_VERSION = 1.0;
				PRODUCT_BUNDLE_IDENTIFIER = "com.orangeCo.DDANZI-iOSTests";
				PRODUCT_NAME = "$(TARGET_NAME)";
				SWIFT_EMIT_LOC_STRINGS = NO;
				SWIFT_VERSION = 5.0;
				TARGETED_DEVICE_FAMILY = "1,2";
				TEST_HOST = "$(BUILT_PRODUCTS_DIR)/DDANZI_iOS.app/$(BUNDLE_EXECUTABLE_FOLDER_PATH)/DDANZI_iOS";
			};
			name = Release;
		};
		369C63B82C1A7A270021E2E0 /* Debug */ = {
			isa = XCBuildConfiguration;
			buildSettings = {
				ALWAYS_EMBED_SWIFT_STANDARD_LIBRARIES = YES;
				CODE_SIGN_STYLE = Automatic;
				CURRENT_PROJECT_VERSION = 1;
				DEVELOPMENT_TEAM = 65NSM7Z327;
				GENERATE_INFOPLIST_FILE = YES;
				MARKETING_VERSION = 1.0;
				PRODUCT_BUNDLE_IDENTIFIER = "com.orangeCo.DDANZI-iOSUITests";
				PRODUCT_NAME = "$(TARGET_NAME)";
				SWIFT_EMIT_LOC_STRINGS = NO;
				SWIFT_VERSION = 5.0;
				TARGETED_DEVICE_FAMILY = "1,2";
				TEST_TARGET_NAME = DDANZI_iOS;
			};
			name = Debug;
		};
		369C63B92C1A7A270021E2E0 /* Release */ = {
			isa = XCBuildConfiguration;
			buildSettings = {
				ALWAYS_EMBED_SWIFT_STANDARD_LIBRARIES = YES;
				CODE_SIGN_STYLE = Automatic;
				CURRENT_PROJECT_VERSION = 1;
				DEVELOPMENT_TEAM = 65NSM7Z327;
				GENERATE_INFOPLIST_FILE = YES;
				MARKETING_VERSION = 1.0;
				PRODUCT_BUNDLE_IDENTIFIER = "com.orangeCo.DDANZI-iOSUITests";
				PRODUCT_NAME = "$(TARGET_NAME)";
				SWIFT_EMIT_LOC_STRINGS = NO;
				SWIFT_VERSION = 5.0;
				TARGETED_DEVICE_FAMILY = "1,2";
				TEST_TARGET_NAME = DDANZI_iOS;
			};
			name = Release;
		};
/* End XCBuildConfiguration section */

/* Begin XCConfigurationList section */
		369C63822C1A7A240021E2E0 /* Build configuration list for PBXProject "DDANZI_iOS" */ = {
			isa = XCConfigurationList;
			buildConfigurations = (
				369C63AF2C1A7A270021E2E0 /* Debug */,
				369C63B02C1A7A270021E2E0 /* Release */,
			);
			defaultConfigurationIsVisible = 0;
			defaultConfigurationName = Release;
		};
		369C63B12C1A7A270021E2E0 /* Build configuration list for PBXNativeTarget "DDANZI_iOS" */ = {
			isa = XCConfigurationList;
			buildConfigurations = (
				369C63B22C1A7A270021E2E0 /* Debug */,
				369C63B32C1A7A270021E2E0 /* Release */,
			);
			defaultConfigurationIsVisible = 0;
			defaultConfigurationName = Release;
		};
		369C63B42C1A7A270021E2E0 /* Build configuration list for PBXNativeTarget "DDANZI_iOSTests" */ = {
			isa = XCConfigurationList;
			buildConfigurations = (
				369C63B52C1A7A270021E2E0 /* Debug */,
				369C63B62C1A7A270021E2E0 /* Release */,
			);
			defaultConfigurationIsVisible = 0;
			defaultConfigurationName = Release;
		};
		369C63B72C1A7A270021E2E0 /* Build configuration list for PBXNativeTarget "DDANZI_iOSUITests" */ = {
			isa = XCConfigurationList;
			buildConfigurations = (
				369C63B82C1A7A270021E2E0 /* Debug */,
				369C63B92C1A7A270021E2E0 /* Release */,
			);
			defaultConfigurationIsVisible = 0;
			defaultConfigurationName = Release;
		};
/* End XCConfigurationList section */
	};
	rootObject = 369C637F2C1A7A240021E2E0 /* Project object */;
}
